// !$*UTF8*$!
{
	archiveVersion = 1;
	classes = {
	};
	objectVersion = 46;
	objects = {

/* Begin PBXBuildFile section */
		8A18FC351D98E2E40003C507 /* AppDelegate.swift in Sources */ = {isa = PBXBuildFile; fileRef = 8A18FC341D98E2E40003C507 /* AppDelegate.swift */; };
		8A18FC371D98E2E40003C507 /* ViewController.swift in Sources */ = {isa = PBXBuildFile; fileRef = 8A18FC361D98E2E40003C507 /* ViewController.swift */; };
		8A18FC3A1D98E2E40003C507 /* Main.storyboard in Resources */ = {isa = PBXBuildFile; fileRef = 8A18FC381D98E2E40003C507 /* Main.storyboard */; };
		8A18FC3C1D98E2E40003C507 /* Assets.xcassets in Resources */ = {isa = PBXBuildFile; fileRef = 8A18FC3B1D98E2E40003C507 /* Assets.xcassets */; };
		8A18FC3F1D98E2E40003C507 /* LaunchScreen.storyboard in Resources */ = {isa = PBXBuildFile; fileRef = 8A18FC3D1D98E2E40003C507 /* LaunchScreen.storyboard */; };
		8A18FC4A1D98E2E40003C507 /* SImpleTipperTests.swift in Sources */ = {isa = PBXBuildFile; fileRef = 8A18FC491D98E2E40003C507 /* SImpleTipperTests.swift */; };
		8A18FC551D98E2E40003C507 /* SImpleTipperUITests.swift in Sources */ = {isa = PBXBuildFile; fileRef = 8A18FC541D98E2E40003C507 /* SImpleTipperUITests.swift */; };
		8A18FC691D9997660003C507 /* SettingsViewController.swift in Sources */ = {isa = PBXBuildFile; fileRef = 8A18FC681D9997660003C507 /* SettingsViewController.swift */; };
/* End PBXBuildFile section */

/* Begin PBXContainerItemProxy section */
		8A18FC461D98E2E40003C507 /* PBXContainerItemProxy */ = {
			isa = PBXContainerItemProxy;
			containerPortal = 8A18FC291D98E2E40003C507 /* Project object */;
			proxyType = 1;
			remoteGlobalIDString = 8A18FC301D98E2E40003C507;
			remoteInfo = SImpleTipper;
		};
		8A18FC511D98E2E40003C507 /* PBXContainerItemProxy */ = {
			isa = PBXContainerItemProxy;
			containerPortal = 8A18FC291D98E2E40003C507 /* Project object */;
			proxyType = 1;
			remoteGlobalIDString = 8A18FC301D98E2E40003C507;
			remoteInfo = SImpleTipper;
		};
/* End PBXContainerItemProxy section */

/* Begin PBXFileReference section */
		8A18FC311D98E2E40003C507 /* SImpleTipper.app */ = {isa = PBXFileReference; explicitFileType = wrapper.application; includeInIndex = 0; path = SImpleTipper.app; sourceTree = BUILT_PRODUCTS_DIR; };
		8A18FC341D98E2E40003C507 /* AppDelegate.swift */ = {isa = PBXFileReference; lastKnownFileType = sourcecode.swift; path = AppDelegate.swift; sourceTree = "<group>"; };
		8A18FC361D98E2E40003C507 /* ViewController.swift */ = {isa = PBXFileReference; lastKnownFileType = sourcecode.swift; path = ViewController.swift; sourceTree = "<group>"; };
		8A18FC391D98E2E40003C507 /* Base */ = {isa = PBXFileReference; lastKnownFileType = file.storyboard; name = Base; path = Base.lproj/Main.storyboard; sourceTree = "<group>"; };
		8A18FC3B1D98E2E40003C507 /* Assets.xcassets */ = {isa = PBXFileReference; lastKnownFileType = folder.assetcatalog; path = Assets.xcassets; sourceTree = "<group>"; };
		8A18FC3E1D98E2E40003C507 /* Base */ = {isa = PBXFileReference; lastKnownFileType = file.storyboard; name = Base; path = Base.lproj/LaunchScreen.storyboard; sourceTree = "<group>"; };
		8A18FC401D98E2E40003C507 /* Info.plist */ = {isa = PBXFileReference; lastKnownFileType = text.plist.xml; path = Info.plist; sourceTree = "<group>"; };
		8A18FC451D98E2E40003C507 /* SImpleTipperTests.xctest */ = {isa = PBXFileReference; explicitFileType = wrapper.cfbundle; includeInIndex = 0; path = SImpleTipperTests.xctest; sourceTree = BUILT_PRODUCTS_DIR; };
		8A18FC491D98E2E40003C507 /* SImpleTipperTests.swift */ = {isa = PBXFileReference; lastKnownFileType = sourcecode.swift; path = SImpleTipperTests.swift; sourceTree = "<group>"; };
		8A18FC4B1D98E2E40003C507 /* Info.plist */ = {isa = PBXFileReference; lastKnownFileType = text.plist.xml; path = Info.plist; sourceTree = "<group>"; };
		8A18FC501D98E2E40003C507 /* SImpleTipperUITests.xctest */ = {isa = PBXFileReference; explicitFileType = wrapper.cfbundle; includeInIndex = 0; path = SImpleTipperUITests.xctest; sourceTree = BUILT_PRODUCTS_DIR; };
		8A18FC541D98E2E40003C507 /* SImpleTipperUITests.swift */ = {isa = PBXFileReference; lastKnownFileType = sourcecode.swift; path = SImpleTipperUITests.swift; sourceTree = "<group>"; };
		8A18FC561D98E2E40003C507 /* Info.plist */ = {isa = PBXFileReference; lastKnownFileType = text.plist.xml; path = Info.plist; sourceTree = "<group>"; };
		8A18FC681D9997660003C507 /* SettingsViewController.swift */ = {isa = PBXFileReference; fileEncoding = 4; lastKnownFileType = sourcecode.swift; path = SettingsViewController.swift; sourceTree = "<group>"; };
/* End PBXFileReference section */

/* Begin PBXFrameworksBuildPhase section */
		8A18FC2E1D98E2E40003C507 /* Frameworks */ = {
			isa = PBXFrameworksBuildPhase;
			buildActionMask = 2147483647;
			files = (
			);
			runOnlyForDeploymentPostprocessing = 0;
		};
		8A18FC421D98E2E40003C507 /* Frameworks */ = {
			isa = PBXFrameworksBuildPhase;
			buildActionMask = 2147483647;
			files = (
			);
			runOnlyForDeploymentPostprocessing = 0;
		};
		8A18FC4D1D98E2E40003C507 /* Frameworks */ = {
			isa = PBXFrameworksBuildPhase;
			buildActionMask = 2147483647;
			files = (
			);
			runOnlyForDeploymentPostprocessing = 0;
		};
/* End PBXFrameworksBuildPhase section */

/* Begin PBXGroup section */
		8A18FC281D98E2E40003C507 = {
			isa = PBXGroup;
			children = (
				8A18FC331D98E2E40003C507 /* SImpleTipper */,
				8A18FC481D98E2E40003C507 /* SImpleTipperTests */,
				8A18FC531D98E2E40003C507 /* SImpleTipperUITests */,
				8A18FC321D98E2E40003C507 /* Products */,
			);
			sourceTree = "<group>";
		};
		8A18FC321D98E2E40003C507 /* Products */ = {
			isa = PBXGroup;
			children = (
				8A18FC311D98E2E40003C507 /* SImpleTipper.app */,
				8A18FC451D98E2E40003C507 /* SImpleTipperTests.xctest */,
				8A18FC501D98E2E40003C507 /* SImpleTipperUITests.xctest */,
			);
			name = Products;
			sourceTree = "<group>";
		};
		8A18FC331D98E2E40003C507 /* SImpleTipper */ = {
			isa = PBXGroup;
			children = (
				8A18FC341D98E2E40003C507 /* AppDelegate.swift */,
				8A18FC361D98E2E40003C507 /* ViewController.swift */,
				8A18FC381D98E2E40003C507 /* Main.storyboard */,
				8A18FC681D9997660003C507 /* SettingsViewController.swift */,
				8A18FC3B1D98E2E40003C507 /* Assets.xcassets */,
				8A18FC3D1D98E2E40003C507 /* LaunchScreen.storyboard */,
				8A18FC401D98E2E40003C507 /* Info.plist */,
			);
			path = SImpleTipper;
			sourceTree = "<group>";
		};
		8A18FC481D98E2E40003C507 /* SImpleTipperTests */ = {
			isa = PBXGroup;
			children = (
				8A18FC491D98E2E40003C507 /* SImpleTipperTests.swift */,
				8A18FC4B1D98E2E40003C507 /* Info.plist */,
			);
			path = SImpleTipperTests;
			sourceTree = "<group>";
		};
		8A18FC531D98E2E40003C507 /* SImpleTipperUITests */ = {
			isa = PBXGroup;
			children = (
				8A18FC541D98E2E40003C507 /* SImpleTipperUITests.swift */,
				8A18FC561D98E2E40003C507 /* Info.plist */,
			);
			path = SImpleTipperUITests;
			sourceTree = "<group>";
		};
/* End PBXGroup section */

/* Begin PBXNativeTarget section */
		8A18FC301D98E2E40003C507 /* SImpleTipper */ = {
			isa = PBXNativeTarget;
			buildConfigurationList = 8A18FC591D98E2E40003C507 /* Build configuration list for PBXNativeTarget "SImpleTipper" */;
			buildPhases = (
				8A18FC2D1D98E2E40003C507 /* Sources */,
				8A18FC2E1D98E2E40003C507 /* Frameworks */,
				8A18FC2F1D98E2E40003C507 /* Resources */,
			);
			buildRules = (
			);
			dependencies = (
			);
			name = SImpleTipper;
			productName = SImpleTipper;
			productReference = 8A18FC311D98E2E40003C507 /* SImpleTipper.app */;
			productType = "com.apple.product-type.application";
		};
		8A18FC441D98E2E40003C507 /* SImpleTipperTests */ = {
			isa = PBXNativeTarget;
			buildConfigurationList = 8A18FC5C1D98E2E40003C507 /* Build configuration list for PBXNativeTarget "SImpleTipperTests" */;
			buildPhases = (
				8A18FC411D98E2E40003C507 /* Sources */,
				8A18FC421D98E2E40003C507 /* Frameworks */,
				8A18FC431D98E2E40003C507 /* Resources */,
			);
			buildRules = (
			);
			dependencies = (
				8A18FC471D98E2E40003C507 /* PBXTargetDependency */,
			);
			name = SImpleTipperTests;
			productName = SImpleTipperTests;
			productReference = 8A18FC451D98E2E40003C507 /* SImpleTipperTests.xctest */;
			productType = "com.apple.product-type.bundle.unit-test";
		};
		8A18FC4F1D98E2E40003C507 /* SImpleTipperUITests */ = {
			isa = PBXNativeTarget;
			buildConfigurationList = 8A18FC5F1D98E2E40003C507 /* Build configuration list for PBXNativeTarget "SImpleTipperUITests" */;
			buildPhases = (
				8A18FC4C1D98E2E40003C507 /* Sources */,
				8A18FC4D1D98E2E40003C507 /* Frameworks */,
				8A18FC4E1D98E2E40003C507 /* Resources */,
			);
			buildRules = (
			);
			dependencies = (
				8A18FC521D98E2E40003C507 /* PBXTargetDependency */,
			);
			name = SImpleTipperUITests;
			productName = SImpleTipperUITests;
			productReference = 8A18FC501D98E2E40003C507 /* SImpleTipperUITests.xctest */;
			productType = "com.apple.product-type.bundle.ui-testing";
		};
/* End PBXNativeTarget section */

/* Begin PBXProject section */
		8A18FC291D98E2E40003C507 /* Project object */ = {
			isa = PBXProject;
			attributes = {
				LastSwiftUpdateCheck = 0810;
				LastUpgradeCheck = 0810;
				ORGANIZATIONNAME = "Alexey Rastaturin";
				TargetAttributes = {
					8A18FC301D98E2E40003C507 = {
						CreatedOnToolsVersion = 8.1;
						ProvisioningStyle = Automatic;
					};
					8A18FC441D98E2E40003C507 = {
						CreatedOnToolsVersion = 8.1;
						ProvisioningStyle = Automatic;
						TestTargetID = 8A18FC301D98E2E40003C507;
					};
					8A18FC4F1D98E2E40003C507 = {
						CreatedOnToolsVersion = 8.1;
						ProvisioningStyle = Automatic;
						TestTargetID = 8A18FC301D98E2E40003C507;
					};
				};
			};
			buildConfigurationList = 8A18FC2C1D98E2E40003C507 /* Build configuration list for PBXProject "SImpleTipper" */;
			compatibilityVersion = "Xcode 3.2";
			developmentRegion = English;
			hasScannedForEncodings = 0;
			knownRegions = (
				en,
				Base,
			);
			mainGroup = 8A18FC281D98E2E40003C507;
			productRefGroup = 8A18FC321D98E2E40003C507 /* Products */;
			projectDirPath = "";
			projectRoot = "";
			targets = (
				8A18FC301D98E2E40003C507 /* SImpleTipper */,
				8A18FC441D98E2E40003C507 /* SImpleTipperTests */,
				8A18FC4F1D98E2E40003C507 /* SImpleTipperUITests */,
			);
		};
/* End PBXProject section */

/* Begin PBXResourcesBuildPhase section */
		8A18FC2F1D98E2E40003C507 /* Resources */ = {
			isa = PBXResourcesBuildPhase;
			buildActionMask = 2147483647;
			files = (
				8A18FC3F1D98E2E40003C507 /* LaunchScreen.storyboard in Resources */,
				8A18FC3C1D98E2E40003C507 /* Assets.xcassets in Resources */,
				8A18FC3A1D98E2E40003C507 /* Main.storyboard in Resources */,
			);
			runOnlyForDeploymentPostprocessing = 0;
		};
		8A18FC431D98E2E40003C507 /* Resources */ = {
			isa = PBXResourcesBuildPhase;
			buildActionMask = 2147483647;
			files = (
			);
			runOnlyForDeploymentPostprocessing = 0;
		};
		8A18FC4E1D98E2E40003C507 /* Resources */ = {
			isa = PBXResourcesBuildPhase;
			buildActionMask = 2147483647;
			files = (
			);
			runOnlyForDeploymentPostprocessing = 0;
		};
/* End PBXResourcesBuildPhase section */

/* Begin PBXSourcesBuildPhase section */
		8A18FC2D1D98E2E40003C507 /* Sources */ = {
			isa = PBXSourcesBuildPhase;
			buildActionMask = 2147483647;
			files = (
				8A18FC371D98E2E40003C507 /* ViewController.swift in Sources */,
				8A18FC351D98E2E40003C507 /* AppDelegate.swift in Sources */,
				8A18FC691D9997660003C507 /* SettingsViewController.swift in Sources */,
			);
			runOnlyForDeploymentPostprocessing = 0;
		};
		8A18FC411D98E2E40003C507 /* Sources */ = {
			isa = PBXSourcesBuildPhase;
			buildActionMask = 2147483647;
			files = (
				8A18FC4A1D98E2E40003C507 /* SImpleTipperTests.swift in Sources */,
			);
			runOnlyForDeploymentPostprocessing = 0;
		};
		8A18FC4C1D98E2E40003C507 /* Sources */ = {
			isa = PBXSourcesBuildPhase;
			buildActionMask = 2147483647;
			files = (
				8A18FC551D98E2E40003C507 /* SImpleTipperUITests.swift in Sources */,
			);
			runOnlyForDeploymentPostprocessing = 0;
		};
/* End PBXSourcesBuildPhase section */

/* Begin PBXTargetDependency section */
		8A18FC471D98E2E40003C507 /* PBXTargetDependency */ = {
			isa = PBXTargetDependency;
			target = 8A18FC301D98E2E40003C507 /* SImpleTipper */;
			targetProxy = 8A18FC461D98E2E40003C507 /* PBXContainerItemProxy */;
		};
		8A18FC521D98E2E40003C507 /* PBXTargetDependency */ = {
			isa = PBXTargetDependency;
			target = 8A18FC301D98E2E40003C507 /* SImpleTipper */;
			targetProxy = 8A18FC511D98E2E40003C507 /* PBXContainerItemProxy */;
		};
/* End PBXTargetDependency section */

/* Begin PBXVariantGroup section */
		8A18FC381D98E2E40003C507 /* Main.storyboard */ = {
			isa = PBXVariantGroup;
			children = (
				8A18FC391D98E2E40003C507 /* Base */,
			);
			name = Main.storyboard;
			sourceTree = "<group>";
		};
		8A18FC3D1D98E2E40003C507 /* LaunchScreen.storyboard */ = {
			isa = PBXVariantGroup;
			children = (
				8A18FC3E1D98E2E40003C507 /* Base */,
			);
			name = LaunchScreen.storyboard;
			sourceTree = "<group>";
		};
/* End PBXVariantGroup section */

/* Begin XCBuildConfiguration section */
		8A18FC571D98E2E40003C507 /* Debug */ = {
			isa = XCBuildConfiguration;
			buildSettings = {
				ALWAYS_SEARCH_USER_PATHS = NO;
				CLANG_ANALYZER_NONNULL = YES;
				CLANG_CXX_LANGUAGE_STANDARD = "gnu++0x";
				CLANG_CXX_LIBRARY = "libc++";
				CLANG_ENABLE_MODULES = YES;
				CLANG_ENABLE_OBJC_ARC = YES;
				CLANG_WARN_BOOL_CONVERSION = YES;
				CLANG_WARN_CONSTANT_CONVERSION = YES;
				CLANG_WARN_DIRECT_OBJC_ISA_USAGE = YES_ERROR;
				CLANG_WARN_DOCUMENTATION_COMMENTS = YES;
				CLANG_WARN_EMPTY_BODY = YES;
				CLANG_WARN_ENUM_CONVERSION = YES;
				CLANG_WARN_INFINITE_RECURSION = YES;
				CLANG_WARN_INT_CONVERSION = YES;
				CLANG_WARN_OBJC_ROOT_CLASS = YES_ERROR;
				CLANG_WARN_SUSPICIOUS_MOVES = YES;
				CLANG_WARN_UNREACHABLE_CODE = YES;
				CLANG_WARN__DUPLICATE_METHOD_MATCH = YES;
				"CODE_SIGN_IDENTITY[sdk=iphoneos*]" = "iPhone Developer";
				COPY_PHASE_STRIP = NO;
				DEBUG_INFORMATION_FORMAT = dwarf;
				ENABLE_STRICT_OBJC_MSGSEND = YES;
				ENABLE_TESTABILITY = YES;
				GCC_C_LANGUAGE_STANDARD = gnu99;
				GCC_DYNAMIC_NO_PIC = NO;
				GCC_NO_COMMON_BLOCKS = YES;
				GCC_OPTIMIZATION_LEVEL = 0;
				GCC_PREPROCESSOR_DEFINITIONS = (
					"DEBUG=1",
					"$(inherited)",
				);
				GCC_WARN_64_TO_32_BIT_CONVERSION = YES;
				GCC_WARN_ABOUT_RETURN_TYPE = YES_ERROR;
				GCC_WARN_UNDECLARED_SELECTOR = YES;
				GCC_WARN_UNINITIALIZED_AUTOS = YES_AGGRESSIVE;
				GCC_WARN_UNUSED_FUNCTION = YES;
				GCC_WARN_UNUSED_VARIABLE = YES;
				IPHONEOS_DEPLOYMENT_TARGET = 10.1;
				MTL_ENABLE_DEBUG_INFO = YES;
				ONLY_ACTIVE_ARCH = YES;
				SDKROOT = iphoneos;
				SWIFT_ACTIVE_COMPILATION_CONDITIONS = DEBUG;
				SWIFT_OPTIMIZATION_LEVEL = "-Onone";
			};
			name = Debug;
		};
		8A18FC581D98E2E40003C507 /* Release */ = {
			isa = XCBuildConfiguration;
			buildSettings = {
				ALWAYS_SEARCH_USER_PATHS = NO;
				CLANG_ANALYZER_NONNULL = YES;
				CLANG_CXX_LANGUAGE_STANDARD = "gnu++0x";
				CLANG_CXX_LIBRARY = "libc++";
				CLANG_ENABLE_MODULES = YES;
				CLANG_ENABLE_OBJC_ARC = YES;
				CLANG_WARN_BOOL_CONVERSION = YES;
				CLANG_WARN_CONSTANT_CONVERSION = YES;
				CLANG_WARN_DIRECT_OBJC_ISA_USAGE = YES_ERROR;
				CLANG_WARN_DOCUMENTATION_COMMENTS = YES;
				CLANG_WARN_EMPTY_BODY = YES;
				CLANG_WARN_ENUM_CONVERSION = YES;
				CLANG_WARN_INFINITE_RECURSION = YES;
				CLANG_WARN_INT_CONVERSION = YES;
				CLANG_WARN_OBJC_ROOT_CLASS = YES_ERROR;
				CLANG_WARN_SUSPICIOUS_MOVES = YES;
				CLANG_WARN_UNREACHABLE_CODE = YES;
				CLANG_WARN__DUPLICATE_METHOD_MATCH = YES;
				"CODE_SIGN_IDENTITY[sdk=iphoneos*]" = "iPhone Developer";
				COPY_PHASE_STRIP = NO;
				DEBUG_INFORMATION_FORMAT = "dwarf-with-dsym";
				ENABLE_NS_ASSERTIONS = NO;
				ENABLE_STRICT_OBJC_MSGSEND = YES;
				GCC_C_LANGUAGE_STANDARD = gnu99;
				GCC_NO_COMMON_BLOCKS = YES;
				GCC_WARN_64_TO_32_BIT_CONVERSION = YES;
				GCC_WARN_ABOUT_RETURN_TYPE = YES_ERROR;
				GCC_WARN_UNDECLARED_SELECTOR = YES;
				GCC_WARN_UNINITIALIZED_AUTOS = YES_AGGRESSIVE;
				GCC_WARN_UNUSED_FUNCTION = YES;
				GCC_WARN_UNUSED_VARIABLE = YES;
				IPHONEOS_DEPLOYMENT_TARGET = 10.1;
				MTL_ENABLE_DEBUG_INFO = NO;
				SDKROOT = iphoneos;
				SWIFT_OPTIMIZATION_LEVEL = "-Owholemodule";
				VALIDATE_PRODUCT = YES;
			};
			name = Release;
		};
		8A18FC5A1D98E2E40003C507 /* Debug */ = {
			isa = XCBuildConfiguration;
			buildSettings = {
				ASSETCATALOG_COMPILER_APPICON_NAME = AppIcon;
				INFOPLIST_FILE = SImpleTipper/Info.plist;
				LD_RUNPATH_SEARCH_PATHS = "$(inherited) @executable_path/Frameworks";
				PRODUCT_BUNDLE_IDENTIFIER = com.rastaturin.SImpleTipper;
				PRODUCT_NAME = "$(TARGET_NAME)";
				SWIFT_VERSION = 3.0;
			};
			name = Debug;
		};
		8A18FC5B1D98E2E40003C507 /* Release */ = {
			isa = XCBuildConfiguration;
			buildSettings = {
				ASSETCATALOG_COMPILER_APPICON_NAME = AppIcon;
				INFOPLIST_FILE = SImpleTipper/Info.plist;
				LD_RUNPATH_SEARCH_PATHS = "$(inherited) @executable_path/Frameworks";
				PRODUCT_BUNDLE_IDENTIFIER = com.rastaturin.SImpleTipper;
				PRODUCT_NAME = "$(TARGET_NAME)";
				SWIFT_VERSION = 3.0;
			};
			name = Release;
		};
		8A18FC5D1D98E2E40003C507 /* Debug */ = {
			isa = XCBuildConfiguration;
			buildSettings = {
				ALWAYS_EMBED_SWIFT_STANDARD_LIBRARIES = YES;
				BUNDLE_LOADER = "$(TEST_HOST)";
				INFOPLIST_FILE = SImpleTipperTests/Info.plist;
				LD_RUNPATH_SEARCH_PATHS = "$(inherited) @executable_path/Frameworks @loader_path/Frameworks";
				PRODUCT_BUNDLE_IDENTIFIER = com.rastaturin.SImpleTipperTests;
				PRODUCT_NAME = "$(TARGET_NAME)";
				SWIFT_VERSION = 3.0;
				TEST_HOST = "$(BUILT_PRODUCTS_DIR)/SImpleTipper.app/SImpleTipper";
			};
			name = Debug;
		};
		8A18FC5E1D98E2E40003C507 /* Release */ = {
			isa = XCBuildConfiguration;
			buildSettings = {
				ALWAYS_EMBED_SWIFT_STANDARD_LIBRARIES = YES;
				BUNDLE_LOADER = "$(TEST_HOST)";
				INFOPLIST_FILE = SImpleTipperTests/Info.plist;
				LD_RUNPATH_SEARCH_PATHS = "$(inherited) @executable_path/Frameworks @loader_path/Frameworks";
				PRODUCT_BUNDLE_IDENTIFIER = com.rastaturin.SImpleTipperTests;
				PRODUCT_NAME = "$(TARGET_NAME)";
				SWIFT_VERSION = 3.0;
				TEST_HOST = "$(BUILT_PRODUCTS_DIR)/SImpleTipper.app/SImpleTipper";
			};
			name = Release;
		};
		8A18FC601D98E2E40003C507 /* Debug */ = {
			isa = XCBuildConfiguration;
			buildSettings = {
				ALWAYS_EMBED_SWIFT_STANDARD_LIBRARIES = YES;
				INFOPLIST_FILE = SImpleTipperUITests/Info.plist;
				LD_RUNPATH_SEARCH_PATHS = "$(inherited) @executable_path/Frameworks @loader_path/Frameworks";
				PRODUCT_BUNDLE_IDENTIFIER = com.rastaturin.SImpleTipperUITests;
				PRODUCT_NAME = "$(TARGET_NAME)";
				SWIFT_VERSION = 3.0;
				TEST_TARGET_NAME = SImpleTipper;
			};
			name = Debug;
		};
		8A18FC611D98E2E40003C507 /* Release */ = {
			isa = XCBuildConfiguration;
			buildSettings = {
				ALWAYS_EMBED_SWIFT_STANDARD_LIBRARIES = YES;
				INFOPLIST_FILE = SImpleTipperUITests/Info.plist;
				LD_RUNPATH_SEARCH_PATHS = "$(inherited) @executable_path/Frameworks @loader_path/Frameworks";
				PRODUCT_BUNDLE_IDENTIFIER = com.rastaturin.SImpleTipperUITests;
				PRODUCT_NAME = "$(TARGET_NAME)";
				SWIFT_VERSION = 3.0;
				TEST_TARGET_NAME = SImpleTipper;
			};
			name = Release;
		};
/* End XCBuildConfiguration section */

/* Begin XCConfigurationList section */
		8A18FC2C1D98E2E40003C507 /* Build configuration list for PBXProject "SImpleTipper" */ = {
			isa = XCConfigurationList;
			buildConfigurations = (
				8A18FC571D98E2E40003C507 /* Debug */,
				8A18FC581D98E2E40003C507 /* Release */,
			);
			defaultConfigurationIsVisible = 0;
			defaultConfigurationName = Release;
		};
		8A18FC591D98E2E40003C507 /* Build configuration list for PBXNativeTarget "SImpleTipper" */ = {
			isa = XCConfigurationList;
			buildConfigurations = (
				8A18FC5A1D98E2E40003C507 /* Debug */,
				8A18FC5B1D98E2E40003C507 /* Release */,
			);
			defaultConfigurationIsVisible = 0;
		};
		8A18FC5C1D98E2E40003C507 /* Build configuration list for PBXNativeTarget "SImpleTipperTests" */ = {
			isa = XCConfigurationList;
			buildConfigurations = (
				8A18FC5D1D98E2E40003C507 /* Debug */,
				8A18FC5E1D98E2E40003C507 /* Release */,
			);
			defaultConfigurationIsVisible = 0;
		};
		8A18FC5F1D98E2E40003C507 /* Build configuration list for PBXNativeTarget "SImpleTipperUITests" */ = {
			isa = XCConfigurationList;
			buildConfigurations = (
				8A18FC601D98E2E40003C507 /* Debug */,
				8A18FC611D98E2E40003C507 /* Release */,
			);
			defaultConfigurationIsVisible = 0;
		};
/* End XCConfigurationList section */
	};
	rootObject = 8A18FC291D98E2E40003C507 /* Project object */;
}
